
Microsoft Visual Studio Solution File, Format Version 12.00
# Visual Studio Version 17
VisualStudioVersion = 17.10.34928.147
MinimumVisualStudioVersion = 10.0.40219.1
Project("{FAE04EC0-301F-11D3-BF4B-00C04F79EFBC}") = "WetterDatenauswertung", "WetterDatenauswertung\WetterDatenauswertung.csproj", "{C34D4A03-B9C7-4584-B0B8-A250908EE944}"
EndProject
Global
	GlobalSection(SolutionConfigurationPlatforms) = preSolution
		Debug|Any CPU = Debug|Any CPU
		Release|Any CPU = Release|Any CPU
	EndGlobalSection
	GlobalSection(ProjectConfigurationPlatforms) = postSolution
		{C34D4A03-B9C7-4584-B0B8-A250908EE944}.Debug|Any CPU.ActiveCfg = Debug|Any CPU
		{C34D4A03-B9C7-4584-B0B8-A250908EE944}.Debug|Any CPU.Build.0 = Debug|Any CPU
		{C34D4A03-B9C7-4584-B0B8-A250908EE944}.Release|Any CPU.ActiveCfg = Release|Any CPU
		{C34D4A03-B9C7-4584-B0B8-A250908EE944}.Release|Any CPU.Build.0 = Release|Any CPU
	EndGlobalSection
	GlobalSection(SolutionProperties) = preSolution
		HideSolutionNode = FALSE
	EndGlobalSection
	GlobalSection(ExtensibilityGlobals) = postSolution
		SolutionGuid = {87DE130C-F6B8-4072-AA34-CA38B6546A3F}
	EndGlobalSection
EndGlobal
